
Microsoft Visual Studio Solution File, Format Version 12.00
# Visual Studio 15
VisualStudioVersion = 15.0.26403.7
MinimumVisualStudioVersion = 10.0.40219.1
Project("{FAE04EC0-301F-11D3-BF4B-00C04F79EFBC}") = "SimpleKatanaServer", "SimpleKatanaServer\SimpleKatanaServer.csproj", "{66D33293-1B71-4701-9209-50BBBBF20EB7}"
EndProject
Project("{FAE04EC0-301F-11D3-BF4B-00C04F79EFBC}") = "SelfHostOwinApp", "SelfHostOwinApp\SelfHostOwinApp.csproj", "{F9060830-1237-4731-88BA-4CE97E57D741}"
EndProject
Project("{FAE04EC0-301F-11D3-BF4B-00C04F79EFBC}") = "KatanaWebHost", "KatanaWebHost\KatanaWebHost.csproj", "{D82D9B30-2A5A-42A5-A671-63282C90BAA6}"
EndProject
Global
	GlobalSection(SolutionConfigurationPlatforms) = preSolution
		Debug|Any CPU = Debug|Any CPU
		Release|Any CPU = Release|Any CPU
	EndGlobalSection
	GlobalSection(ProjectConfigurationPlatforms) = postSolution
		{66D33293-1B71-4701-9209-50BBBBF20EB7}.Debug|Any CPU.ActiveCfg = Debug|Any CPU
		{66D33293-1B71-4701-9209-50BBBBF20EB7}.Debug|Any CPU.Build.0 = Debug|Any CPU
		{66D33293-1B71-4701-9209-50BBBBF20EB7}.Release|Any CPU.ActiveCfg = Release|Any CPU
		{66D33293-1B71-4701-9209-50BBBBF20EB7}.Release|Any CPU.Build.0 = Release|Any CPU
		{F9060830-1237-4731-88BA-4CE97E57D741}.Debug|Any CPU.ActiveCfg = Debug|Any CPU
		{F9060830-1237-4731-88BA-4CE97E57D741}.Debug|Any CPU.Build.0 = Debug|Any CPU
		{F9060830-1237-4731-88BA-4CE97E57D741}.Release|Any CPU.ActiveCfg = Release|Any CPU
		{F9060830-1237-4731-88BA-4CE97E57D741}.Release|Any CPU.Build.0 = Release|Any CPU
		{D82D9B30-2A5A-42A5-A671-63282C90BAA6}.Debug|Any CPU.ActiveCfg = Debug|Any CPU
		{D82D9B30-2A5A-42A5-A671-63282C90BAA6}.Debug|Any CPU.Build.0 = Debug|Any CPU
		{D82D9B30-2A5A-42A5-A671-63282C90BAA6}.Release|Any CPU.ActiveCfg = Release|Any CPU
		{D82D9B30-2A5A-42A5-A671-63282C90BAA6}.Release|Any CPU.Build.0 = Release|Any CPU
	EndGlobalSection
	GlobalSection(SolutionProperties) = preSolution
		HideSolutionNode = FALSE
	EndGlobalSection
EndGlobal
